
Microsoft Visual Studio Solution File, Format Version 12.00
# Visual Studio Version 17
VisualStudioVersion = 17.10.34928.147
MinimumVisualStudioVersion = 10.0.40219.1
Project("{FAE04EC0-301F-11D3-BF4B-00C04F79EFBC}") = "Task-1", "Lab-3\Task-1.csproj", "{58D9B1AE-722B-4A0C-984E-BC873DAF01DC}"
EndProject
Project("{FAE04EC0-301F-11D3-BF4B-00C04F79EFBC}") = "Task-2", "Task-2\Task-2.csproj", "{B17F8CD8-F524-4547-903D-41EBED6E5CAE}"
EndProject
Project("{FAE04EC0-301F-11D3-BF4B-00C04F79EFBC}") = "Task-3", "Task-3\Task-3.csproj", "{E54BA260-4A22-4A27-BA49-F2173E8E8484}"
EndProject
Global
	GlobalSection(SolutionConfigurationPlatforms) = preSolution
		Debug|Any CPU = Debug|Any CPU
		Release|Any CPU = Release|Any CPU
	EndGlobalSection
	GlobalSection(ProjectConfigurationPlatforms) = postSolution
		{58D9B1AE-722B-4A0C-984E-BC873DAF01DC}.Debug|Any CPU.ActiveCfg = Debug|Any CPU
		{58D9B1AE-722B-4A0C-984E-BC873DAF01DC}.Debug|Any CPU.Build.0 = Debug|Any CPU
		{58D9B1AE-722B-4A0C-984E-BC873DAF01DC}.Release|Any CPU.ActiveCfg = Release|Any CPU
		{58D9B1AE-722B-4A0C-984E-BC873DAF01DC}.Release|Any CPU.Build.0 = Release|Any CPU
		{B17F8CD8-F524-4547-903D-41EBED6E5CAE}.Debug|Any CPU.ActiveCfg = Debug|Any CPU
		{B17F8CD8-F524-4547-903D-41EBED6E5CAE}.Debug|Any CPU.Build.0 = Debug|Any CPU
		{B17F8CD8-F524-4547-903D-41EBED6E5CAE}.Release|Any CPU.ActiveCfg = Release|Any CPU
		{B17F8CD8-F524-4547-903D-41EBED6E5CAE}.Release|Any CPU.Build.0 = Release|Any CPU
		{E54BA260-4A22-4A27-BA49-F2173E8E8484}.Debug|Any CPU.ActiveCfg = Debug|Any CPU
		{E54BA260-4A22-4A27-BA49-F2173E8E8484}.Debug|Any CPU.Build.0 = Debug|Any CPU
		{E54BA260-4A22-4A27-BA49-F2173E8E8484}.Release|Any CPU.ActiveCfg = Release|Any CPU
		{E54BA260-4A22-4A27-BA49-F2173E8E8484}.Release|Any CPU.Build.0 = Release|Any CPU
	EndGlobalSection
	GlobalSection(SolutionProperties) = preSolution
		HideSolutionNode = FALSE
	EndGlobalSection
	GlobalSection(ExtensibilityGlobals) = postSolution
		SolutionGuid = {AE773CF8-8EF7-47C5-B5A2-EE98532FFBBE}
	EndGlobalSection
EndGlobal
